
Microsoft Visual Studio Solution File, Format Version 12.00
# Visual Studio Version 16
VisualStudioVersion = 16.0.32126.315
MinimumVisualStudioVersion = 10.0.40219.1
Project("{8BC9CEB8-8B4A-11D0-8D11-00A0C91BC942}") = "sOctree2", "sOctree2\sOctree2.vcxproj", "{56CEB637-3761-4F08-BBB3-E07C535B7B48}"
EndProject
Global
	GlobalSection(SolutionConfigurationPlatforms) = preSolution
		Debug|x64 = Debug|x64
		Release|x64 = Release|x64
	EndGlobalSection
	GlobalSection(ProjectConfigurationPlatforms) = postSolution
		{56CEB637-3761-4F08-BBB3-E07C535B7B48}.Debug|x64.ActiveCfg = Debug|x64
		{56CEB637-3761-4F08-BBB3-E07C535B7B48}.Debug|x64.Build.0 = Debug|x64
		{56CEB637-3761-4F08-BBB3-E07C535B7B48}.Release|x64.ActiveCfg = Release|x64
		{56CEB637-3761-4F08-BBB3-E07C535B7B48}.Release|x64.Build.0 = Release|x64
	EndGlobalSection
	GlobalSection(SolutionProperties) = preSolution
		HideSolutionNode = FALSE
	EndGlobalSection
	GlobalSection(ExtensibilityGlobals) = postSolution
		SolutionGuid = {5CF071F2-D7B9-4548-AF29-34453B80730B}
	EndGlobalSection
EndGlobal
